
Microsoft Visual Studio Solution File, Format Version 12.00
# Visual Studio Version 16
VisualStudioVersion = 16.0.29613.14
MinimumVisualStudioVersion = 10.0.40219.1
Project("{FAE04EC0-301F-11D3-BF4B-00C04F79EFBC}") = "ExercicioSecao05", "ExercicioSecao05\ExercicioSecao05.csproj", "{A22C139A-7B34-4243-B162-91969741FA5C}"
EndProject
Global
	GlobalSection(SolutionConfigurationPlatforms) = preSolution
		Debug|Any CPU = Debug|Any CPU
		Release|Any CPU = Release|Any CPU
	EndGlobalSection
	GlobalSection(ProjectConfigurationPlatforms) = postSolution
		{A22C139A-7B34-4243-B162-91969741FA5C}.Debug|Any CPU.ActiveCfg = Debug|Any CPU
		{A22C139A-7B34-4243-B162-91969741FA5C}.Debug|Any CPU.Build.0 = Debug|Any CPU
		{A22C139A-7B34-4243-B162-91969741FA5C}.Release|Any CPU.ActiveCfg = Release|Any CPU
		{A22C139A-7B34-4243-B162-91969741FA5C}.Release|Any CPU.Build.0 = Release|Any CPU
	EndGlobalSection
	GlobalSection(SolutionProperties) = preSolution
		HideSolutionNode = FALSE
	EndGlobalSection
	GlobalSection(ExtensibilityGlobals) = postSolution
		SolutionGuid = {E2D30364-501C-4000-AC2D-B59D00ACDD21}
	EndGlobalSection
EndGlobal
